
Microsoft Visual Studio Solution File, Format Version 12.00
# Visual Studio Version 17
VisualStudioVersion = 17.14.36915.13
MinimumVisualStudioVersion = 10.0.40219.1
Project("{FAE04EC0-301F-11D3-BF4B-00C04F79EFBC}") = "CRC-32-CLI", "CRC-32-CLI\CRC-32-CLI.csproj", "{B038363B-E4D1-4683-8C29-A2FD9150C6AB}"
EndProject
Project("{FAE04EC0-301F-11D3-BF4B-00C04F79EFBC}") = "TestSuiteCRC32", "TestSuiteCRC32\TestSuiteCRC32.csproj", "{A95AC619-1B2C-4A4D-ADA8-D5F37B034CBA}"
EndProject
Global
	GlobalSection(SolutionConfigurationPlatforms) = preSolution
		Debug|Any CPU = Debug|Any CPU
		Release|Any CPU = Release|Any CPU
	EndGlobalSection
	GlobalSection(ProjectConfigurationPlatforms) = postSolution
		{B038363B-E4D1-4683-8C29-A2FD9150C6AB}.Debug|Any CPU.ActiveCfg = Debug|Any CPU
		{B038363B-E4D1-4683-8C29-A2FD9150C6AB}.Debug|Any CPU.Build.0 = Debug|Any CPU
		{B038363B-E4D1-4683-8C29-A2FD9150C6AB}.Release|Any CPU.ActiveCfg = Release|Any CPU
		{B038363B-E4D1-4683-8C29-A2FD9150C6AB}.Release|Any CPU.Build.0 = Release|Any CPU
		{A95AC619-1B2C-4A4D-ADA8-D5F37B034CBA}.Debug|Any CPU.ActiveCfg = Debug|Any CPU
		{A95AC619-1B2C-4A4D-ADA8-D5F37B034CBA}.Debug|Any CPU.Build.0 = Debug|Any CPU
		{A95AC619-1B2C-4A4D-ADA8-D5F37B034CBA}.Release|Any CPU.ActiveCfg = Release|Any CPU
		{A95AC619-1B2C-4A4D-ADA8-D5F37B034CBA}.Release|Any CPU.Build.0 = Release|Any CPU
	EndGlobalSection
	GlobalSection(SolutionProperties) = preSolution
		HideSolutionNode = FALSE
	EndGlobalSection
	GlobalSection(ExtensibilityGlobals) = postSolution
		SolutionGuid = {F39494D6-7857-4BCD-8507-6C5140659FC3}
	EndGlobalSection
EndGlobal
